
Microsoft Visual Studio Solution File, Format Version 12.00
# Visual Studio Version 17
VisualStudioVersion = 17.2.32602.215
MinimumVisualStudioVersion = 10.0.40219.1
Project("{FAE04EC0-301F-11D3-BF4B-00C04F79EFBC}") = "GraphExcelEmailer", "GraphExcelEmailer\GraphExcelEmailer.csproj", "{C22725E5-2D1C-464F-A165-50A984BCF961}"
EndProject
Global
	GlobalSection(SolutionConfigurationPlatforms) = preSolution
		Debug|Any CPU = Debug|Any CPU
		Release|Any CPU = Release|Any CPU
	EndGlobalSection
	GlobalSection(ProjectConfigurationPlatforms) = postSolution
		{C22725E5-2D1C-464F-A165-50A984BCF961}.Debug|Any CPU.ActiveCfg = Debug|Any CPU
		{C22725E5-2D1C-464F-A165-50A984BCF961}.Debug|Any CPU.Build.0 = Debug|Any CPU
		{C22725E5-2D1C-464F-A165-50A984BCF961}.Release|Any CPU.ActiveCfg = Release|Any CPU
		{C22725E5-2D1C-464F-A165-50A984BCF961}.Release|Any CPU.Build.0 = Release|Any CPU
	EndGlobalSection
	GlobalSection(SolutionProperties) = preSolution
		HideSolutionNode = FALSE
	EndGlobalSection
	GlobalSection(ExtensibilityGlobals) = postSolution
		SolutionGuid = {FE790312-FBC5-415F-B2D9-158C469C5DFD}
	EndGlobalSection
EndGlobal
